// !$*UTF8*$!
{
	archiveVersion = 1;
	classes = {
	};
	objectVersion = 50;
	objects = {

/* Begin PBXBuildFile section */
		3419EEBA209BD8BE0063CB52 /* AppDelegate.swift in Sources */ = {isa = PBXBuildFile; fileRef = 3419EEB9209BD8BE0063CB52 /* AppDelegate.swift */; };
		3419EEBC209BD8BE0063CB52 /* ViewController.swift in Sources */ = {isa = PBXBuildFile; fileRef = 3419EEBB209BD8BE0063CB52 /* ViewController.swift */; };
		3419EEBF209BD8BE0063CB52 /* Main.storyboard in Resources */ = {isa = PBXBuildFile; fileRef = 3419EEBD209BD8BE0063CB52 /* Main.storyboard */; };
		3419EEC1209BD8C00063CB52 /* Assets.xcassets in Resources */ = {isa = PBXBuildFile; fileRef = 3419EEC0209BD8C00063CB52 /* Assets.xcassets */; };
		3419EEC4209BD8C00063CB52 /* LaunchScreen.storyboard in Resources */ = {isa = PBXBuildFile; fileRef = 3419EEC2209BD8C00063CB52 /* LaunchScreen.storyboard */; };
		3419EECF209BD8C10063CB52 /* CallKitSampleTests.swift in Sources */ = {isa = PBXBuildFile; fileRef = 3419EECE209BD8C10063CB52 /* CallKitSampleTests.swift */; };
		3419EEDA209BD8C10063CB52 /* CallKitSampleUITests.swift in Sources */ = {isa = PBXBuildFile; fileRef = 3419EED9209BD8C10063CB52 /* CallKitSampleUITests.swift */; };
/* End PBXBuildFile section */

/* Begin PBXContainerItemProxy section */
		3419EECB209BD8C10063CB52 /* PBXContainerItemProxy */ = {
			isa = PBXContainerItemProxy;
			containerPortal = 3419EEAE209BD8BE0063CB52 /* Project object */;
			proxyType = 1;
			remoteGlobalIDString = 3419EEB5209BD8BE0063CB52;
			remoteInfo = CallKitSample;
		};
		3419EED6209BD8C10063CB52 /* PBXContainerItemProxy */ = {
			isa = PBXContainerItemProxy;
			containerPortal = 3419EEAE209BD8BE0063CB52 /* Project object */;
			proxyType = 1;
			remoteGlobalIDString = 3419EEB5209BD8BE0063CB52;
			remoteInfo = CallKitSample;
		};
/* End PBXContainerItemProxy section */

/* Begin PBXFileReference section */
		3419EEB6209BD8BE0063CB52 /* CallKitSample.app */ = {isa = PBXFileReference; explicitFileType = wrapper.application; includeInIndex = 0; path = CallKitSample.app; sourceTree = BUILT_PRODUCTS_DIR; };
		3419EEB9209BD8BE0063CB52 /* AppDelegate.swift */ = {isa = PBXFileReference; lastKnownFileType = sourcecode.swift; path = AppDelegate.swift; sourceTree = "<group>"; };
		3419EEBB209BD8BE0063CB52 /* ViewController.swift */ = {isa = PBXFileReference; lastKnownFileType = sourcecode.swift; path = ViewController.swift; sourceTree = "<group>"; };
		3419EEBE209BD8BE0063CB52 /* Base */ = {isa = PBXFileReference; lastKnownFileType = file.storyboard; name = Base; path = Base.lproj/Main.storyboard; sourceTree = "<group>"; };
		3419EEC0209BD8C00063CB52 /* Assets.xcassets */ = {isa = PBXFileReference; lastKnownFileType = folder.assetcatalog; path = Assets.xcassets; sourceTree = "<group>"; };
		3419EEC3209BD8C00063CB52 /* Base */ = {isa = PBXFileReference; lastKnownFileType = file.storyboard; name = Base; path = Base.lproj/LaunchScreen.storyboard; sourceTree = "<group>"; };
		3419EEC5209BD8C00063CB52 /* Info.plist */ = {isa = PBXFileReference; lastKnownFileType = text.plist.xml; path = Info.plist; sourceTree = "<group>"; };
		3419EECA209BD8C10063CB52 /* CallKitSampleTests.xctest */ = {isa = PBXFileReference; explicitFileType = wrapper.cfbundle; includeInIndex = 0; path = CallKitSampleTests.xctest; sourceTree = BUILT_PRODUCTS_DIR; };
		3419EECE209BD8C10063CB52 /* CallKitSampleTests.swift */ = {isa = PBXFileReference; lastKnownFileType = sourcecode.swift; path = CallKitSampleTests.swift; sourceTree = "<group>"; };
		3419EED0209BD8C10063CB52 /* Info.plist */ = {isa = PBXFileReference; lastKnownFileType = text.plist.xml; path = Info.plist; sourceTree = "<group>"; };
		3419EED5209BD8C10063CB52 /* CallKitSampleUITests.xctest */ = {isa = PBXFileReference; explicitFileType = wrapper.cfbundle; includeInIndex = 0; path = CallKitSampleUITests.xctest; sourceTree = BUILT_PRODUCTS_DIR; };
		3419EED9209BD8C10063CB52 /* CallKitSampleUITests.swift */ = {isa = PBXFileReference; lastKnownFileType = sourcecode.swift; path = CallKitSampleUITests.swift; sourceTree = "<group>"; };
		3419EEDB209BD8C10063CB52 /* Info.plist */ = {isa = PBXFileReference; lastKnownFileType = text.plist.xml; path = Info.plist; sourceTree = "<group>"; };
/* End PBXFileReference section */

/* Begin PBXFrameworksBuildPhase section */
		3419EEB3209BD8BE0063CB52 /* Frameworks */ = {
			isa = PBXFrameworksBuildPhase;
			buildActionMask = 2147483647;
			files = (
			);
			runOnlyForDeploymentPostprocessing = 0;
		};
		3419EEC7209BD8C10063CB52 /* Frameworks */ = {
			isa = PBXFrameworksBuildPhase;
			buildActionMask = 2147483647;
			files = (
			);
			runOnlyForDeploymentPostprocessing = 0;
		};
		3419EED2209BD8C10063CB52 /* Frameworks */ = {
			isa = PBXFrameworksBuildPhase;
			buildActionMask = 2147483647;
			files = (
			);
			runOnlyForDeploymentPostprocessing = 0;
		};
/* End PBXFrameworksBuildPhase section */

/* Begin PBXGroup section */
		3419EEAD209BD8BE0063CB52 = {
			isa = PBXGroup;
			children = (
				3419EEB8209BD8BE0063CB52 /* CallKitSample */,
				3419EECD209BD8C10063CB52 /* CallKitSampleTests */,
				3419EED8209BD8C10063CB52 /* CallKitSampleUITests */,
				3419EEB7209BD8BE0063CB52 /* Products */,
			);
			sourceTree = "<group>";
		};
		3419EEB7209BD8BE0063CB52 /* Products */ = {
			isa = PBXGroup;
			children = (
				3419EEB6209BD8BE0063CB52 /* CallKitSample.app */,
				3419EECA209BD8C10063CB52 /* CallKitSampleTests.xctest */,
				3419EED5209BD8C10063CB52 /* CallKitSampleUITests.xctest */,
			);
			name = Products;
			sourceTree = "<group>";
		};
		3419EEB8209BD8BE0063CB52 /* CallKitSample */ = {
			isa = PBXGroup;
			children = (
				3419EEB9209BD8BE0063CB52 /* AppDelegate.swift */,
				3419EEBB209BD8BE0063CB52 /* ViewController.swift */,
				3419EEBD209BD8BE0063CB52 /* Main.storyboard */,
				3419EEC0209BD8C00063CB52 /* Assets.xcassets */,
				3419EEC2209BD8C00063CB52 /* LaunchScreen.storyboard */,
				3419EEC5209BD8C00063CB52 /* Info.plist */,
			);
			path = CallKitSample;
			sourceTree = "<group>";
		};
		3419EECD209BD8C10063CB52 /* CallKitSampleTests */ = {
			isa = PBXGroup;
			children = (
				3419EECE209BD8C10063CB52 /* CallKitSampleTests.swift */,
				3419EED0209BD8C10063CB52 /* Info.plist */,
			);
			path = CallKitSampleTests;
			sourceTree = "<group>";
		};
		3419EED8209BD8C10063CB52 /* CallKitSampleUITests */ = {
			isa = PBXGroup;
			children = (
				3419EED9209BD8C10063CB52 /* CallKitSampleUITests.swift */,
				3419EEDB209BD8C10063CB52 /* Info.plist */,
			);
			path = CallKitSampleUITests;
			sourceTree = "<group>";
		};
/* End PBXGroup section */

/* Begin PBXNativeTarget section */
		3419EEB5209BD8BE0063CB52 /* CallKitSample */ = {
			isa = PBXNativeTarget;
			buildConfigurationList = 3419EEDE209BD8C10063CB52 /* Build configuration list for PBXNativeTarget "CallKitSample" */;
			buildPhases = (
				3419EEB2209BD8BE0063CB52 /* Sources */,
				3419EEB3209BD8BE0063CB52 /* Frameworks */,
				3419EEB4209BD8BE0063CB52 /* Resources */,
			);
			buildRules = (
			);
			dependencies = (
			);
			name = CallKitSample;
			productName = CallKitSample;
			productReference = 3419EEB6209BD8BE0063CB52 /* CallKitSample.app */;
			productType = "com.apple.product-type.application";
		};
		3419EEC9209BD8C10063CB52 /* CallKitSampleTests */ = {
			isa = PBXNativeTarget;
			buildConfigurationList = 3419EEE1209BD8C10063CB52 /* Build configuration list for PBXNativeTarget "CallKitSampleTests" */;
			buildPhases = (
				3419EEC6209BD8C10063CB52 /* Sources */,
				3419EEC7209BD8C10063CB52 /* Frameworks */,
				3419EEC8209BD8C10063CB52 /* Resources */,
			);
			buildRules = (
			);
			dependencies = (
				3419EECC209BD8C10063CB52 /* PBXTargetDependency */,
			);
			name = CallKitSampleTests;
			productName = CallKitSampleTests;
			productReference = 3419EECA209BD8C10063CB52 /* CallKitSampleTests.xctest */;
			productType = "com.apple.product-type.bundle.unit-test";
		};
		3419EED4209BD8C10063CB52 /* CallKitSampleUITests */ = {
			isa = PBXNativeTarget;
			buildConfigurationList = 3419EEE4209BD8C10063CB52 /* Build configuration list for PBXNativeTarget "CallKitSampleUITests" */;
			buildPhases = (
				3419EED1209BD8C10063CB52 /* Sources */,
				3419EED2209BD8C10063CB52 /* Frameworks */,
				3419EED3209BD8C10063CB52 /* Resources */,
			);
			buildRules = (
			);
			dependencies = (
				3419EED7209BD8C10063CB52 /* PBXTargetDependency */,
			);
			name = CallKitSampleUITests;
			productName = CallKitSampleUITests;
			productReference = 3419EED5209BD8C10063CB52 /* CallKitSampleUITests.xctest */;
			productType = "com.apple.product-type.bundle.ui-testing";
		};
/* End PBXNativeTarget section */

/* Begin PBXProject section */
		3419EEAE209BD8BE0063CB52 /* Project object */ = {
			isa = PBXProject;
			attributes = {
				LastSwiftUpdateCheck = 0930;
				LastUpgradeCheck = 0930;
				ORGANIZATIONNAME = takapika;
				TargetAttributes = {
					3419EEB5209BD8BE0063CB52 = {
						CreatedOnToolsVersion = 9.3;
					};
					3419EEC9209BD8C10063CB52 = {
						CreatedOnToolsVersion = 9.3;
						TestTargetID = 3419EEB5209BD8BE0063CB52;
					};
					3419EED4209BD8C10063CB52 = {
						CreatedOnToolsVersion = 9.3;
						TestTargetID = 3419EEB5209BD8BE0063CB52;
					};
				};
			};
			buildConfigurationList = 3419EEB1209BD8BE0063CB52 /* Build configuration list for PBXProject "CallKitSample" */;
			compatibilityVersion = "Xcode 9.3";
			developmentRegion = en;
			hasScannedForEncodings = 0;
			knownRegions = (
				en,
				Base,
			);
			mainGroup = 3419EEAD209BD8BE0063CB52;
			productRefGroup = 3419EEB7209BD8BE0063CB52 /* Products */;
			projectDirPath = "";
			projectRoot = "";
			targets = (
				3419EEB5209BD8BE0063CB52 /* CallKitSample */,
				3419EEC9209BD8C10063CB52 /* CallKitSampleTests */,
				3419EED4209BD8C10063CB52 /* CallKitSampleUITests */,
			);
		};
/* End PBXProject section */

/* Begin PBXResourcesBuildPhase section */
		3419EEB4209BD8BE0063CB52 /* Resources */ = {
			isa = PBXResourcesBuildPhase;
			buildActionMask = 2147483647;
			files = (
				3419EEC4209BD8C00063CB52 /* LaunchScreen.storyboard in Resources */,
				3419EEC1209BD8C00063CB52 /* Assets.xcassets in Resources */,
				3419EEBF209BD8BE0063CB52 /* Main.storyboard in Resources */,
			);
			runOnlyForDeploymentPostprocessing = 0;
		};
		3419EEC8209BD8C10063CB52 /* Resources */ = {
			isa = PBXResourcesBuildPhase;
			buildActionMask = 2147483647;
			files = (
			);
			runOnlyForDeploymentPostprocessing = 0;
		};
		3419EED3209BD8C10063CB52 /* Resources */ = {
			isa = PBXResourcesBuildPhase;
			buildActionMask = 2147483647;
			files = (
			);
			runOnlyForDeploymentPostprocessing = 0;
		};
/* End PBXResourcesBuildPhase section */

/* Begin PBXSourcesBuildPhase section */
		3419EEB2209BD8BE0063CB52 /* Sources */ = {
			isa = PBXSourcesBuildPhase;
			buildActionMask = 2147483647;
			files = (
				3419EEBC209BD8BE0063CB52 /* ViewController.swift in Sources */,
				3419EEBA209BD8BE0063CB52 /* AppDelegate.swift in Sources */,
			);
			runOnlyForDeploymentPostprocessing = 0;
		};
		3419EEC6209BD8C10063CB52 /* Sources */ = {
			isa = PBXSourcesBuildPhase;
			buildActionMask = 2147483647;
			files = (
				3419EECF209BD8C10063CB52 /* CallKitSampleTests.swift in Sources */,
			);
			runOnlyForDeploymentPostprocessing = 0;
		};
		3419EED1209BD8C10063CB52 /* Sources */ = {
			isa = PBXSourcesBuildPhase;
			buildActionMask = 2147483647;
			files = (
				3419EEDA209BD8C10063CB52 /* CallKitSampleUITests.swift in Sources */,
			);
			runOnlyForDeploymentPostprocessing = 0;
		};
/* End PBXSourcesBuildPhase section */

/* Begin PBXTargetDependency section */
		3419EECC209BD8C10063CB52 /* PBXTargetDependency */ = {
			isa = PBXTargetDependency;
			target = 3419EEB5209BD8BE0063CB52 /* CallKitSample */;
			targetProxy = 3419EECB209BD8C10063CB52 /* PBXContainerItemProxy */;
		};
		3419EED7209BD8C10063CB52 /* PBXTargetDependency */ = {
			isa = PBXTargetDependency;
			target = 3419EEB5209BD8BE0063CB52 /* CallKitSample */;
			targetProxy = 3419EED6209BD8C10063CB52 /* PBXContainerItemProxy */;
		};
/* End PBXTargetDependency section */

/* Begin PBXVariantGroup section */
		3419EEBD209BD8BE0063CB52 /* Main.storyboard */ = {
			isa = PBXVariantGroup;
			children = (
				3419EEBE209BD8BE0063CB52 /* Base */,
			);
			name = Main.storyboard;
			sourceTree = "<group>";
		};
		3419EEC2209BD8C00063CB52 /* LaunchScreen.storyboard */ = {
			isa = PBXVariantGroup;
			children = (
				3419EEC3209BD8C00063CB52 /* Base */,
			);
			name = LaunchScreen.storyboard;
			sourceTree = "<group>";
		};
/* End PBXVariantGroup section */

/* Begin XCBuildConfiguration section */
		3419EEDC209BD8C10063CB52 /* Debug */ = {
			isa = XCBuildConfiguration;
			buildSettings = {
				ALWAYS_SEARCH_USER_PATHS = NO;
				CLANG_ANALYZER_NONNULL = YES;
				CLANG_ANALYZER_NUMBER_OBJECT_CONVERSION = YES_AGGRESSIVE;
				CLANG_CXX_LANGUAGE_STANDARD = "gnu++14";
				CLANG_CXX_LIBRARY = "libc++";
				CLANG_ENABLE_MODULES = YES;
				CLANG_ENABLE_OBJC_ARC = YES;
				CLANG_ENABLE_OBJC_WEAK = YES;
				CLANG_WARN_BLOCK_CAPTURE_AUTORELEASING = YES;
				CLANG_WARN_BOOL_CONVERSION = YES;
				CLANG_WARN_COMMA = YES;
				CLANG_WARN_CONSTANT_CONVERSION = YES;
				CLANG_WARN_DEPRECATED_OBJC_IMPLEMENTATIONS = YES;
				CLANG_WARN_DIRECT_OBJC_ISA_USAGE = YES_ERROR;
				CLANG_WARN_DOCUMENTATION_COMMENTS = YES;
				CLANG_WARN_EMPTY_BODY = YES;
				CLANG_WARN_ENUM_CONVERSION = YES;
				CLANG_WARN_INFINITE_RECURSION = YES;
				CLANG_WARN_INT_CONVERSION = YES;
				CLANG_WARN_NON_LITERAL_NULL_CONVERSION = YES;
				CLANG_WARN_OBJC_IMPLICIT_RETAIN_SELF = YES;
				CLANG_WARN_OBJC_LITERAL_CONVERSION = YES;
				CLANG_WARN_OBJC_ROOT_CLASS = YES_ERROR;
				CLANG_WARN_RANGE_LOOP_ANALYSIS = YES;
				CLANG_WARN_STRICT_PROTOTYPES = YES;
				CLANG_WARN_SUSPICIOUS_MOVE = YES;
				CLANG_WARN_UNGUARDED_AVAILABILITY = YES_AGGRESSIVE;
				CLANG_WARN_UNREACHABLE_CODE = YES;
				CLANG_WARN__DUPLICATE_METHOD_MATCH = YES;
				CODE_SIGN_IDENTITY = "iPhone Developer";
				COPY_PHASE_STRIP = NO;
				DEBUG_INFORMATION_FORMAT = dwarf;
				ENABLE_STRICT_OBJC_MSGSEND = YES;
				ENABLE_TESTABILITY = YES;
				GCC_C_LANGUAGE_STANDARD = gnu11;
				GCC_DYNAMIC_NO_PIC = NO;
				GCC_NO_COMMON_BLOCKS = YES;
				GCC_OPTIMIZATION_LEVEL = 0;
				GCC_PREPROCESSOR_DEFINITIONS = (
					"DEBUG=1",
					"$(inherited)",
				);
				GCC_WARN_64_TO_32_BIT_CONVERSION = YES;
				GCC_WARN_ABOUT_RETURN_TYPE = YES_ERROR;
				GCC_WARN_UNDECLARED_SELECTOR = YES;
				GCC_WARN_UNINITIALIZED_AUTOS = YES_AGGRESSIVE;
				GCC_WARN_UNUSED_FUNCTION = YES;
				GCC_WARN_UNUSED_VARIABLE = YES;
				IPHONEOS_DEPLOYMENT_TARGET = 11.3;
				MTL_ENABLE_DEBUG_INFO = YES;
				ONLY_ACTIVE_ARCH = YES;
				SDKROOT = iphoneos;
				SWIFT_ACTIVE_COMPILATION_CONDITIONS = DEBUG;
				SWIFT_OPTIMIZATION_LEVEL = "-Onone";
			};
			name = Debug;
		};
		3419EEDD209BD8C10063CB52 /* Release */ = {
			isa = XCBuildConfiguration;
			buildSettings = {
				ALWAYS_SEARCH_USER_PATHS = NO;
				CLANG_ANALYZER_NONNULL = YES;
				CLANG_ANALYZER_NUMBER_OBJECT_CONVERSION = YES_AGGRESSIVE;
				CLANG_CXX_LANGUAGE_STANDARD = "gnu++14";
				CLANG_CXX_LIBRARY = "libc++";
				CLANG_ENABLE_MODULES = YES;
				CLANG_ENABLE_OBJC_ARC = YES;
				CLANG_ENABLE_OBJC_WEAK = YES;
				CLANG_WARN_BLOCK_CAPTURE_AUTORELEASING = YES;
				CLANG_WARN_BOOL_CONVERSION = YES;
				CLANG_WARN_COMMA = YES;
				CLANG_WARN_CONSTANT_CONVERSION = YES;
				CLANG_WARN_DEPRECATED_OBJC_IMPLEMENTATIONS = YES;
				CLANG_WARN_DIRECT_OBJC_ISA_USAGE = YES_ERROR;
				CLANG_WARN_DOCUMENTATION_COMMENTS = YES;
				CLANG_WARN_EMPTY_BODY = YES;
				CLANG_WARN_ENUM_CONVERSION = YES;
				CLANG_WARN_INFINITE_RECURSION = YES;
				CLANG_WARN_INT_CONVERSION = YES;
				CLANG_WARN_NON_LITERAL_NULL_CONVERSION = YES;
				CLANG_WARN_OBJC_IMPLICIT_RETAIN_SELF = YES;
				CLANG_WARN_OBJC_LITERAL_CONVERSION = YES;
				CLANG_WARN_OBJC_ROOT_CLASS = YES_ERROR;
				CLANG_WARN_RANGE_LOOP_ANALYSIS = YES;
				CLANG_WARN_STRICT_PROTOTYPES = YES;
				CLANG_WARN_SUSPICIOUS_MOVE = YES;
				CLANG_WARN_UNGUARDED_AVAILABILITY = YES_AGGRESSIVE;
				CLANG_WARN_UNREACHABLE_CODE = YES;
				CLANG_WARN__DUPLICATE_METHOD_MATCH = YES;
				CODE_SIGN_IDENTITY = "iPhone Developer";
				COPY_PHASE_STRIP = NO;
				DEBUG_INFORMATION_FORMAT = "dwarf-with-dsym";
				ENABLE_NS_ASSERTIONS = NO;
				ENABLE_STRICT_OBJC_MSGSEND = YES;
				GCC_C_LANGUAGE_STANDARD = gnu11;
				GCC_NO_COMMON_BLOCKS = YES;
				GCC_WARN_64_TO_32_BIT_CONVERSION = YES;
				GCC_WARN_ABOUT_RETURN_TYPE = YES_ERROR;
				GCC_WARN_UNDECLARED_SELECTOR = YES;
				GCC_WARN_UNINITIALIZED_AUTOS = YES_AGGRESSIVE;
				GCC_WARN_UNUSED_FUNCTION = YES;
				GCC_WARN_UNUSED_VARIABLE = YES;
				IPHONEOS_DEPLOYMENT_TARGET = 11.3;
				MTL_ENABLE_DEBUG_INFO = NO;
				SDKROOT = iphoneos;
				SWIFT_COMPILATION_MODE = wholemodule;
				SWIFT_OPTIMIZATION_LEVEL = "-O";
				VALIDATE_PRODUCT = YES;
			};
			name = Release;
		};
		3419EEDF209BD8C10063CB52 /* Debug */ = {
			isa = XCBuildConfiguration;
			buildSettings = {
				ASSETCATALOG_COMPILER_APPICON_NAME = AppIcon;
				CODE_SIGN_STYLE = Automatic;
				INFOPLIST_FILE = CallKitSample/Info.plist;
				LD_RUNPATH_SEARCH_PATHS = (
					"$(inherited)",
					"@executable_path/Frameworks",
				);
				PRODUCT_BUNDLE_IDENTIFIER = com.taka2488.CallKitSample;
				PRODUCT_NAME = "$(TARGET_NAME)";
				SWIFT_VERSION = 4.0;
				TARGETED_DEVICE_FAMILY = "1,2";
			};
			name = Debug;
		};
		3419EEE0209BD8C10063CB52 /* Release */ = {
			isa = XCBuildConfiguration;
			buildSettings = {
				ASSETCATALOG_COMPILER_APPICON_NAME = AppIcon;
				CODE_SIGN_STYLE = Automatic;
				INFOPLIST_FILE = CallKitSample/Info.plist;
				LD_RUNPATH_SEARCH_PATHS = (
					"$(inherited)",
					"@executable_path/Frameworks",
				);
				PRODUCT_BUNDLE_IDENTIFIER = com.taka2488.CallKitSample;
				PRODUCT_NAME = "$(TARGET_NAME)";
				SWIFT_VERSION = 4.0;
				TARGETED_DEVICE_FAMILY = "1,2";
			};
			name = Release;
		};
		3419EEE2209BD8C10063CB52 /* Debug */ = {
			isa = XCBuildConfiguration;
			buildSettings = {
				ALWAYS_EMBED_SWIFT_STANDARD_LIBRARIES = YES;
				BUNDLE_LOADER = "$(TEST_HOST)";
				CODE_SIGN_STYLE = Automatic;
				INFOPLIST_FILE = CallKitSampleTests/Info.plist;
				LD_RUNPATH_SEARCH_PATHS = (
					"$(inherited)",
					"@executable_path/Frameworks",
					"@loader_path/Frameworks",
				);
				PRODUCT_BUNDLE_IDENTIFIER = com.taka2488.CallKitSampleTests;
				PRODUCT_NAME = "$(TARGET_NAME)";
				SWIFT_VERSION = 4.0;
				TARGETED_DEVICE_FAMILY = "1,2";
				TEST_HOST = "$(BUILT_PRODUCTS_DIR)/CallKitSample.app/CallKitSample";
			};
			name = Debug;
		};
		3419EEE3209BD8C10063CB52 /* Release */ = {
			isa = XCBuildConfiguration;
			buildSettings = {
				ALWAYS_EMBED_SWIFT_STANDARD_LIBRARIES = YES;
				BUNDLE_LOADER = "$(TEST_HOST)";
				CODE_SIGN_STYLE = Automatic;
				INFOPLIST_FILE = CallKitSampleTests/Info.plist;
				LD_RUNPATH_SEARCH_PATHS = (
					"$(inherited)",
					"@executable_path/Frameworks",
					"@loader_path/Frameworks",
				);
				PRODUCT_BUNDLE_IDENTIFIER = com.taka2488.CallKitSampleTests;
				PRODUCT_NAME = "$(TARGET_NAME)";
				SWIFT_VERSION = 4.0;
				TARGETED_DEVICE_FAMILY = "1,2";
				TEST_HOST = "$(BUILT_PRODUCTS_DIR)/CallKitSample.app/CallKitSample";
			};
			name = Release;
		};
		3419EEE5209BD8C10063CB52 /* Debug */ = {
			isa = XCBuildConfiguration;
			buildSettings = {
				ALWAYS_EMBED_SWIFT_STANDARD_LIBRARIES = YES;
				CODE_SIGN_STYLE = Automatic;
				INFOPLIST_FILE = CallKitSampleUITests/Info.plist;
				LD_RUNPATH_SEARCH_PATHS = (
					"$(inherited)",
					"@executable_path/Frameworks",
					"@loader_path/Frameworks",
				);
				PRODUCT_BUNDLE_IDENTIFIER = com.taka2488.CallKitSampleUITests;
				PRODUCT_NAME = "$(TARGET_NAME)";
				SWIFT_VERSION = 4.0;
				TARGETED_DEVICE_FAMILY = "1,2";
				TEST_TARGET_NAME = CallKitSample;
			};
			name = Debug;
		};
		3419EEE6209BD8C10063CB52 /* Release */ = {
			isa = XCBuildConfiguration;
			buildSettings = {
				ALWAYS_EMBED_SWIFT_STANDARD_LIBRARIES = YES;
				CODE_SIGN_STYLE = Automatic;
				INFOPLIST_FILE = CallKitSampleUITests/Info.plist;
				LD_RUNPATH_SEARCH_PATHS = (
					"$(inherited)",
					"@executable_path/Frameworks",
					"@loader_path/Frameworks",
				);
				PRODUCT_BUNDLE_IDENTIFIER = com.taka2488.CallKitSampleUITests;
				PRODUCT_NAME = "$(TARGET_NAME)";
				SWIFT_VERSION = 4.0;
				TARGETED_DEVICE_FAMILY = "1,2";
				TEST_TARGET_NAME = CallKitSample;
			};
			name = Release;
		};
/* End XCBuildConfiguration section */

/* Begin XCConfigurationList section */
		3419EEB1209BD8BE0063CB52 /* Build configuration list for PBXProject "CallKitSample" */ = {
			isa = XCConfigurationList;
			buildConfigurations = (
				3419EEDC209BD8C10063CB52 /* Debug */,
				3419EEDD209BD8C10063CB52 /* Release */,
			);
			defaultConfigurationIsVisible = 0;
			defaultConfigurationName = Release;
		};
		3419EEDE209BD8C10063CB52 /* Build configuration list for PBXNativeTarget "CallKitSample" */ = {
			isa = XCConfigurationList;
			buildConfigurations = (
				3419EEDF209BD8C10063CB52 /* Debug */,
				3419EEE0209BD8C10063CB52 /* Release */,
			);
			defaultConfigurationIsVisible = 0;
			defaultConfigurationName = Release;
		};
		3419EEE1209BD8C10063CB52 /* Build configuration list for PBXNativeTarget "CallKitSampleTests" */ = {
			isa = XCConfigurationList;
			buildConfigurations = (
				3419EEE2209BD8C10063CB52 /* Debug */,
				3419EEE3209BD8C10063CB52 /* Release */,
			);
			defaultConfigurationIsVisible = 0;
			defaultConfigurationName = Release;
		};
		3419EEE4209BD8C10063CB52 /* Build configuration list for PBXNativeTarget "CallKitSampleUITests" */ = {
			isa = XCConfigurationList;
			buildConfigurations = (
				3419EEE5209BD8C10063CB52 /* Debug */,
				3419EEE6209BD8C10063CB52 /* Release */,
			);
			defaultConfigurationIsVisible = 0;
			defaultConfigurationName = Release;
		};
/* End XCConfigurationList section */
	};
	rootObject = 3419EEAE209BD8BE0063CB52 /* Project object */;
}
